// !$*UTF8*$!
{
	archiveVersion = 1;
	classes = {
	};
	objectVersion = 48;
	objects = {

/* Begin PBXBuildFile section */
		3DE8C769204CB359005DF76B /* AppDelegate.swift in Sources */ = {isa = PBXBuildFile; fileRef = 3DE8C768204CB359005DF76B /* AppDelegate.swift */; };
		3DE8C76B204CB359005DF76B /* ViewController.swift in Sources */ = {isa = PBXBuildFile; fileRef = 3DE8C76A204CB359005DF76B /* ViewController.swift */; };
		3DE8C76E204CB359005DF76B /* Main.storyboard in Resources */ = {isa = PBXBuildFile; fileRef = 3DE8C76C204CB359005DF76B /* Main.storyboard */; };
		3DE8C770204CB359005DF76B /* Assets.xcassets in Resources */ = {isa = PBXBuildFile; fileRef = 3DE8C76F204CB359005DF76B /* Assets.xcassets */; };
		3DE8C773204CB359005DF76B /* LaunchScreen.storyboard in Resources */ = {isa = PBXBuildFile; fileRef = 3DE8C771204CB359005DF76B /* LaunchScreen.storyboard */; };
		3DE8C77E204CB359005DF76B /* ParseChatTests.swift in Sources */ = {isa = PBXBuildFile; fileRef = 3DE8C77D204CB359005DF76B /* ParseChatTests.swift */; };
		3DE8C789204CB35A005DF76B /* ParseChatUITests.swift in Sources */ = {isa = PBXBuildFile; fileRef = 3DE8C788204CB35A005DF76B /* ParseChatUITests.swift */; };
		3DE8C797204CB51A005DF76B /* LoginViewController.swift in Sources */ = {isa = PBXBuildFile; fileRef = 3DE8C796204CB51A005DF76B /* LoginViewController.swift */; };
		3DE8C799204CB6C0005DF76B /* ChatViewController.swift in Sources */ = {isa = PBXBuildFile; fileRef = 3DE8C798204CB6C0005DF76B /* ChatViewController.swift */; };
		3DE8C79B204CBFD6005DF76B /* ChatCell.swift in Sources */ = {isa = PBXBuildFile; fileRef = 3DE8C79A204CBFD6005DF76B /* ChatCell.swift */; };
		3DE8C79D204CC613005DF76B /* Message.swift in Sources */ = {isa = PBXBuildFile; fileRef = 3DE8C79C204CC613005DF76B /* Message.swift */; };
		52A389D4EF44B3D25F7760E8 /* Pods_ParseChatUITests.framework in Frameworks */ = {isa = PBXBuildFile; fileRef = CF7DCE6C8B2C290C1114B433 /* Pods_ParseChatUITests.framework */; };
		8BD45B2DB443601342F5F9B2 /* Pods_ParseChatTests.framework in Frameworks */ = {isa = PBXBuildFile; fileRef = F326A1A490F2768D83B1FCAC /* Pods_ParseChatTests.framework */; };
		ABC32488A5FCE746B7BAAA64 /* Pods_ParseChat.framework in Frameworks */ = {isa = PBXBuildFile; fileRef = D740C91C585D032661CDF930 /* Pods_ParseChat.framework */; };
/* End PBXBuildFile section */

/* Begin PBXContainerItemProxy section */
		3DE8C77A204CB359005DF76B /* PBXContainerItemProxy */ = {
			isa = PBXContainerItemProxy;
			containerPortal = 3DE8C75D204CB359005DF76B /* Project object */;
			proxyType = 1;
			remoteGlobalIDString = 3DE8C764204CB359005DF76B;
			remoteInfo = ParseChat;
		};
		3DE8C785204CB35A005DF76B /* PBXContainerItemProxy */ = {
			isa = PBXContainerItemProxy;
			containerPortal = 3DE8C75D204CB359005DF76B /* Project object */;
			proxyType = 1;
			remoteGlobalIDString = 3DE8C764204CB359005DF76B;
			remoteInfo = ParseChat;
		};
/* End PBXContainerItemProxy section */

/* Begin PBXFileReference section */
		0C76EBFCF1D6B4F17E868CAA /* Pods-ParseChatTests.debug.xcconfig */ = {isa = PBXFileReference; includeInIndex = 1; lastKnownFileType = text.xcconfig; name = "Pods-ParseChatTests.debug.xcconfig"; path = "Pods/Target Support Files/Pods-ParseChatTests/Pods-ParseChatTests.debug.xcconfig"; sourceTree = "<group>"; };
		2FCC577A260CF89EC8B264D5 /* Pods-ParseChatUITests.debug.xcconfig */ = {isa = PBXFileReference; includeInIndex = 1; lastKnownFileType = text.xcconfig; name = "Pods-ParseChatUITests.debug.xcconfig"; path = "Pods/Target Support Files/Pods-ParseChatUITests/Pods-ParseChatUITests.debug.xcconfig"; sourceTree = "<group>"; };
		3DE8C765204CB359005DF76B /* ParseChat.app */ = {isa = PBXFileReference; explicitFileType = wrapper.application; includeInIndex = 0; path = ParseChat.app; sourceTree = BUILT_PRODUCTS_DIR; };
		3DE8C768204CB359005DF76B /* AppDelegate.swift */ = {isa = PBXFileReference; lastKnownFileType = sourcecode.swift; path = AppDelegate.swift; sourceTree = "<group>"; };
		3DE8C76A204CB359005DF76B /* ViewController.swift */ = {isa = PBXFileReference; lastKnownFileType = sourcecode.swift; path = ViewController.swift; sourceTree = "<group>"; };
		3DE8C76D204CB359005DF76B /* Base */ = {isa = PBXFileReference; lastKnownFileType = file.storyboard; name = Base; path = Base.lproj/Main.storyboard; sourceTree = "<group>"; };
		3DE8C76F204CB359005DF76B /* Assets.xcassets */ = {isa = PBXFileReference; lastKnownFileType = folder.assetcatalog; path = Assets.xcassets; sourceTree = "<group>"; };
		3DE8C772204CB359005DF76B /* Base */ = {isa = PBXFileReference; lastKnownFileType = file.storyboard; name = Base; path = Base.lproj/LaunchScreen.storyboard; sourceTree = "<group>"; };
		3DE8C774204CB359005DF76B /* Info.plist */ = {isa = PBXFileReference; lastKnownFileType = text.plist.xml; path = Info.plist; sourceTree = "<group>"; };
		3DE8C779204CB359005DF76B /* ParseChatTests.xctest */ = {isa = PBXFileReference; explicitFileType = wrapper.cfbundle; includeInIndex = 0; path = ParseChatTests.xctest; sourceTree = BUILT_PRODUCTS_DIR; };
		3DE8C77D204CB359005DF76B /* ParseChatTests.swift */ = {isa = PBXFileReference; lastKnownFileType = sourcecode.swift; path = ParseChatTests.swift; sourceTree = "<group>"; };
		3DE8C77F204CB35A005DF76B /* Info.plist */ = {isa = PBXFileReference; lastKnownFileType = text.plist.xml; path = Info.plist; sourceTree = "<group>"; };
		3DE8C784204CB35A005DF76B /* ParseChatUITests.xctest */ = {isa = PBXFileReference; explicitFileType = wrapper.cfbundle; includeInIndex = 0; path = ParseChatUITests.xctest; sourceTree = BUILT_PRODUCTS_DIR; };
		3DE8C788204CB35A005DF76B /* ParseChatUITests.swift */ = {isa = PBXFileReference; lastKnownFileType = sourcecode.swift; path = ParseChatUITests.swift; sourceTree = "<group>"; };
		3DE8C78A204CB35A005DF76B /* Info.plist */ = {isa = PBXFileReference; lastKnownFileType = text.plist.xml; path = Info.plist; sourceTree = "<group>"; };
		3DE8C796204CB51A005DF76B /* LoginViewController.swift */ = {isa = PBXFileReference; lastKnownFileType = sourcecode.swift; path = LoginViewController.swift; sourceTree = "<group>"; };
		3DE8C798204CB6C0005DF76B /* ChatViewController.swift */ = {isa = PBXFileReference; lastKnownFileType = sourcecode.swift; path = ChatViewController.swift; sourceTree = "<group>"; };
		3DE8C79A204CBFD6005DF76B /* ChatCell.swift */ = {isa = PBXFileReference; lastKnownFileType = sourcecode.swift; path = ChatCell.swift; sourceTree = "<group>"; };
		3DE8C79C204CC613005DF76B /* Message.swift */ = {isa = PBXFileReference; lastKnownFileType = sourcecode.swift; path = Message.swift; sourceTree = "<group>"; };
		640F3941E0EB01D68B850E70 /* Pods-ParseChatTests.release.xcconfig */ = {isa = PBXFileReference; includeInIndex = 1; lastKnownFileType = text.xcconfig; name = "Pods-ParseChatTests.release.xcconfig"; path = "Pods/Target Support Files/Pods-ParseChatTests/Pods-ParseChatTests.release.xcconfig"; sourceTree = "<group>"; };
		86F54EFCD3BF157807B8DDA1 /* Pods-ParseChat.release.xcconfig */ = {isa = PBXFileReference; includeInIndex = 1; lastKnownFileType = text.xcconfig; name = "Pods-ParseChat.release.xcconfig"; path = "Pods/Target Support Files/Pods-ParseChat/Pods-ParseChat.release.xcconfig"; sourceTree = "<group>"; };
		AA6A2080DA5DD5E4847500C2 /* Pods-ParseChat.debug.xcconfig */ = {isa = PBXFileReference; includeInIndex = 1; lastKnownFileType = text.xcconfig; name = "Pods-ParseChat.debug.xcconfig"; path = "Pods/Target Support Files/Pods-ParseChat/Pods-ParseChat.debug.xcconfig"; sourceTree = "<group>"; };
		CF7DCE6C8B2C290C1114B433 /* Pods_ParseChatUITests.framework */ = {isa = PBXFileReference; explicitFileType = wrapper.framework; includeInIndex = 0; path = Pods_ParseChatUITests.framework; sourceTree = BUILT_PRODUCTS_DIR; };
		D740C91C585D032661CDF930 /* Pods_ParseChat.framework */ = {isa = PBXFileReference; explicitFileType = wrapper.framework; includeInIndex = 0; path = Pods_ParseChat.framework; sourceTree = BUILT_PRODUCTS_DIR; };
		EF947D99EE96A8F87B2FF562 /* Pods-ParseChatUITests.release.xcconfig */ = {isa = PBXFileReference; includeInIndex = 1; lastKnownFileType = text.xcconfig; name = "Pods-ParseChatUITests.release.xcconfig"; path = "Pods/Target Support Files/Pods-ParseChatUITests/Pods-ParseChatUITests.release.xcconfig"; sourceTree = "<group>"; };
		F326A1A490F2768D83B1FCAC /* Pods_ParseChatTests.framework */ = {isa = PBXFileReference; explicitFileType = wrapper.framework; includeInIndex = 0; path = Pods_ParseChatTests.framework; sourceTree = BUILT_PRODUCTS_DIR; };
/* End PBXFileReference section */

/* Begin PBXFrameworksBuildPhase section */
		3DE8C762204CB359005DF76B /* Frameworks */ = {
			isa = PBXFrameworksBuildPhase;
			buildActionMask = 2147483647;
			files = (
				ABC32488A5FCE746B7BAAA64 /* Pods_ParseChat.framework in Frameworks */,
			);
			runOnlyForDeploymentPostprocessing = 0;
		};
		3DE8C776204CB359005DF76B /* Frameworks */ = {
			isa = PBXFrameworksBuildPhase;
			buildActionMask = 2147483647;
			files = (
				8BD45B2DB443601342F5F9B2 /* Pods_ParseChatTests.framework in Frameworks */,
			);
			runOnlyForDeploymentPostprocessing = 0;
		};
		3DE8C781204CB35A005DF76B /* Frameworks */ = {
			isa = PBXFrameworksBuildPhase;
			buildActionMask = 2147483647;
			files = (
				52A389D4EF44B3D25F7760E8 /* Pods_ParseChatUITests.framework in Frameworks */,
			);
			runOnlyForDeploymentPostprocessing = 0;
		};
/* End PBXFrameworksBuildPhase section */

/* Begin PBXGroup section */
		3DE8C75C204CB359005DF76B = {
			isa = PBXGroup;
			children = (
				3DE8C767204CB359005DF76B /* ParseChat */,
				3DE8C77C204CB359005DF76B /* ParseChatTests */,
				3DE8C787204CB35A005DF76B /* ParseChatUITests */,
				3DE8C766204CB359005DF76B /* Products */,
				8537667EC1BCF3FBA1FF1C66 /* Pods */,
				E33FD4D82BA4425897C64F21 /* Frameworks */,
			);
			sourceTree = "<group>";
		};
		3DE8C766204CB359005DF76B /* Products */ = {
			isa = PBXGroup;
			children = (
				3DE8C765204CB359005DF76B /* ParseChat.app */,
				3DE8C779204CB359005DF76B /* ParseChatTests.xctest */,
				3DE8C784204CB35A005DF76B /* ParseChatUITests.xctest */,
			);
			name = Products;
			sourceTree = "<group>";
		};
		3DE8C767204CB359005DF76B /* ParseChat */ = {
			isa = PBXGroup;
			children = (
				3DE8C768204CB359005DF76B /* AppDelegate.swift */,
				3DE8C76A204CB359005DF76B /* ViewController.swift */,
				3DE8C76C204CB359005DF76B /* Main.storyboard */,
				3DE8C76F204CB359005DF76B /* Assets.xcassets */,
				3DE8C771204CB359005DF76B /* LaunchScreen.storyboard */,
				3DE8C774204CB359005DF76B /* Info.plist */,
				3DE8C796204CB51A005DF76B /* LoginViewController.swift */,
				3DE8C798204CB6C0005DF76B /* ChatViewController.swift */,
				3DE8C79A204CBFD6005DF76B /* ChatCell.swift */,
				3DE8C79C204CC613005DF76B /* Message.swift */,
			);
			path = ParseChat;
			sourceTree = "<group>";
		};
		3DE8C77C204CB359005DF76B /* ParseChatTests */ = {
			isa = PBXGroup;
			children = (
				3DE8C77D204CB359005DF76B /* ParseChatTests.swift */,
				3DE8C77F204CB35A005DF76B /* Info.plist */,
			);
			path = ParseChatTests;
			sourceTree = "<group>";
		};
		3DE8C787204CB35A005DF76B /* ParseChatUITests */ = {
			isa = PBXGroup;
			children = (
				3DE8C788204CB35A005DF76B /* ParseChatUITests.swift */,
				3DE8C78A204CB35A005DF76B /* Info.plist */,
			);
			path = ParseChatUITests;
			sourceTree = "<group>";
		};
		8537667EC1BCF3FBA1FF1C66 /* Pods */ = {
			isa = PBXGroup;
			children = (
				AA6A2080DA5DD5E4847500C2 /* Pods-ParseChat.debug.xcconfig */,
				86F54EFCD3BF157807B8DDA1 /* Pods-ParseChat.release.xcconfig */,
				0C76EBFCF1D6B4F17E868CAA /* Pods-ParseChatTests.debug.xcconfig */,
				640F3941E0EB01D68B850E70 /* Pods-ParseChatTests.release.xcconfig */,
				2FCC577A260CF89EC8B264D5 /* Pods-ParseChatUITests.debug.xcconfig */,
				EF947D99EE96A8F87B2FF562 /* Pods-ParseChatUITests.release.xcconfig */,
			);
			name = Pods;
			sourceTree = "<group>";
		};
		E33FD4D82BA4425897C64F21 /* Frameworks */ = {
			isa = PBXGroup;
			children = (
				D740C91C585D032661CDF930 /* Pods_ParseChat.framework */,
				F326A1A490F2768D83B1FCAC /* Pods_ParseChatTests.framework */,
				CF7DCE6C8B2C290C1114B433 /* Pods_ParseChatUITests.framework */,
			);
			name = Frameworks;
			sourceTree = "<group>";
		};
/* End PBXGroup section */

/* Begin PBXNativeTarget section */
		3DE8C764204CB359005DF76B /* ParseChat */ = {
			isa = PBXNativeTarget;
			buildConfigurationList = 3DE8C78D204CB35A005DF76B /* Build configuration list for PBXNativeTarget "ParseChat" */;
			buildPhases = (
				7C08EB259341A43F65E06BEC /* [CP] Check Pods Manifest.lock */,
				3DE8C761204CB359005DF76B /* Sources */,
				3DE8C762204CB359005DF76B /* Frameworks */,
				3DE8C763204CB359005DF76B /* Resources */,
				FBCD71BFA17C347B7F5CCA05 /* [CP] Embed Pods Frameworks */,
				96A75943D847CB9A0D7310B6 /* [CP] Copy Pods Resources */,
			);
			buildRules = (
			);
			dependencies = (
			);
			name = ParseChat;
			productName = ParseChat;
			productReference = 3DE8C765204CB359005DF76B /* ParseChat.app */;
			productType = "com.apple.product-type.application";
		};
		3DE8C778204CB359005DF76B /* ParseChatTests */ = {
			isa = PBXNativeTarget;
			buildConfigurationList = 3DE8C790204CB35A005DF76B /* Build configuration list for PBXNativeTarget "ParseChatTests" */;
			buildPhases = (
				151A8790E162E8C1631F71F9 /* [CP] Check Pods Manifest.lock */,
				3DE8C775204CB359005DF76B /* Sources */,
				3DE8C776204CB359005DF76B /* Frameworks */,
				3DE8C777204CB359005DF76B /* Resources */,
				378D31F4D5664448FE7A24AD /* [CP] Embed Pods Frameworks */,
				967265ABBDAB27CD9C6B2F67 /* [CP] Copy Pods Resources */,
			);
			buildRules = (
			);
			dependencies = (
				3DE8C77B204CB359005DF76B /* PBXTargetDependency */,
			);
			name = ParseChatTests;
			productName = ParseChatTests;
			productReference = 3DE8C779204CB359005DF76B /* ParseChatTests.xctest */;
			productType = "com.apple.product-type.bundle.unit-test";
		};
		3DE8C783204CB35A005DF76B /* ParseChatUITests */ = {
			isa = PBXNativeTarget;
			buildConfigurationList = 3DE8C793204CB35A005DF76B /* Build configuration list for PBXNativeTarget "ParseChatUITests" */;
			buildPhases = (
				6DF30F0B65EF5BF5E8801715 /* [CP] Check Pods Manifest.lock */,
				3DE8C780204CB35A005DF76B /* Sources */,
				3DE8C781204CB35A005DF76B /* Frameworks */,
				3DE8C782204CB35A005DF76B /* Resources */,
				140D85FAF419771AA31F6DC4 /* [CP] Embed Pods Frameworks */,
				53AEE09FF0BC63A96070DF86 /* [CP] Copy Pods Resources */,
			);
			buildRules = (
			);
			dependencies = (
				3DE8C786204CB35A005DF76B /* PBXTargetDependency */,
			);
			name = ParseChatUITests;
			productName = ParseChatUITests;
			productReference = 3DE8C784204CB35A005DF76B /* ParseChatUITests.xctest */;
			productType = "com.apple.product-type.bundle.ui-testing";
		};
/* End PBXNativeTarget section */

/* Begin PBXProject section */
		3DE8C75D204CB359005DF76B /* Project object */ = {
			isa = PBXProject;
			attributes = {
				LastSwiftUpdateCheck = 0920;
				LastUpgradeCheck = 0920;
				ORGANIZATIONNAME = "Tianyu Liang";
				TargetAttributes = {
					3DE8C764204CB359005DF76B = {
						CreatedOnToolsVersion = 9.2;
						ProvisioningStyle = Automatic;
					};
					3DE8C778204CB359005DF76B = {
						CreatedOnToolsVersion = 9.2;
						ProvisioningStyle = Automatic;
						TestTargetID = 3DE8C764204CB359005DF76B;
					};
					3DE8C783204CB35A005DF76B = {
						CreatedOnToolsVersion = 9.2;
						ProvisioningStyle = Automatic;
						TestTargetID = 3DE8C764204CB359005DF76B;
					};
				};
			};
			buildConfigurationList = 3DE8C760204CB359005DF76B /* Build configuration list for PBXProject "ParseChat" */;
			compatibilityVersion = "Xcode 8.0";
			developmentRegion = en;
			hasScannedForEncodings = 0;
			knownRegions = (
				en,
				Base,
			);
			mainGroup = 3DE8C75C204CB359005DF76B;
			productRefGroup = 3DE8C766204CB359005DF76B /* Products */;
			projectDirPath = "";
			projectRoot = "";
			targets = (
				3DE8C764204CB359005DF76B /* ParseChat */,
				3DE8C778204CB359005DF76B /* ParseChatTests */,
				3DE8C783204CB35A005DF76B /* ParseChatUITests */,
			);
		};
/* End PBXProject section */

/* Begin PBXResourcesBuildPhase section */
		3DE8C763204CB359005DF76B /* Resources */ = {
			isa = PBXResourcesBuildPhase;
			buildActionMask = 2147483647;
			files = (
				3DE8C773204CB359005DF76B /* LaunchScreen.storyboard in Resources */,
				3DE8C770204CB359005DF76B /* Assets.xcassets in Resources */,
				3DE8C76E204CB359005DF76B /* Main.storyboard in Resources */,
			);
			runOnlyForDeploymentPostprocessing = 0;
		};
		3DE8C777204CB359005DF76B /* Resources */ = {
			isa = PBXResourcesBuildPhase;
			buildActionMask = 2147483647;
			files = (
			);
			runOnlyForDeploymentPostprocessing = 0;
		};
		3DE8C782204CB35A005DF76B /* Resources */ = {
			isa = PBXResourcesBuildPhase;
			buildActionMask = 2147483647;
			files = (
			);
			runOnlyForDeploymentPostprocessing = 0;
		};
/* End PBXResourcesBuildPhase section */

/* Begin PBXShellScriptBuildPhase section */
		140D85FAF419771AA31F6DC4 /* [CP] Embed Pods Frameworks */ = {
			isa = PBXShellScriptBuildPhase;
			buildActionMask = 2147483647;
			files = (
			);
			inputPaths = (
			);
			name = "[CP] Embed Pods Frameworks";
			outputPaths = (
			);
			runOnlyForDeploymentPostprocessing = 0;
			shellPath = /bin/sh;
			shellScript = "\"${SRCROOT}/Pods/Target Support Files/Pods-ParseChatUITests/Pods-ParseChatUITests-frameworks.sh\"\n";
			showEnvVarsInLog = 0;
		};
		151A8790E162E8C1631F71F9 /* [CP] Check Pods Manifest.lock */ = {
			isa = PBXShellScriptBuildPhase;
			buildActionMask = 2147483647;
			files = (
			);
			inputPaths = (
				"${PODS_PODFILE_DIR_PATH}/Podfile.lock",
				"${PODS_ROOT}/Manifest.lock",
			);
			name = "[CP] Check Pods Manifest.lock";
			outputPaths = (
				"$(DERIVED_FILE_DIR)/Pods-ParseChatTests-checkManifestLockResult.txt",
			);
			runOnlyForDeploymentPostprocessing = 0;
			shellPath = /bin/sh;
			shellScript = "diff \"${PODS_PODFILE_DIR_PATH}/Podfile.lock\" \"${PODS_ROOT}/Manifest.lock\" > /dev/null\nif [ $? != 0 ] ; then\n    # print error to STDERR\n    echo \"error: The sandbox is not in sync with the Podfile.lock. Run 'pod install' or update your CocoaPods installation.\" >&2\n    exit 1\nfi\n# This output is used by Xcode 'outputs' to avoid re-running this script phase.\necho \"SUCCESS\" > \"${SCRIPT_OUTPUT_FILE_0}\"\n";
			showEnvVarsInLog = 0;
		};
		378D31F4D5664448FE7A24AD /* [CP] Embed Pods Frameworks */ = {
			isa = PBXShellScriptBuildPhase;
			buildActionMask = 2147483647;
			files = (
			);
			inputPaths = (
			);
			name = "[CP] Embed Pods Frameworks";
			outputPaths = (
			);
			runOnlyForDeploymentPostprocessing = 0;
			shellPath = /bin/sh;
			shellScript = "\"${SRCROOT}/Pods/Target Support Files/Pods-ParseChatTests/Pods-ParseChatTests-frameworks.sh\"\n";
			showEnvVarsInLog = 0;
		};
		53AEE09FF0BC63A96070DF86 /* [CP] Copy Pods Resources */ = {
			isa = PBXShellScriptBuildPhase;
			buildActionMask = 2147483647;
			files = (
			);
			inputPaths = (
			);
			name = "[CP] Copy Pods Resources";
			outputPaths = (
			);
			runOnlyForDeploymentPostprocessing = 0;
			shellPath = /bin/sh;
			shellScript = "\"${SRCROOT}/Pods/Target Support Files/Pods-ParseChatUITests/Pods-ParseChatUITests-resources.sh\"\n";
			showEnvVarsInLog = 0;
		};
		6DF30F0B65EF5BF5E8801715 /* [CP] Check Pods Manifest.lock */ = {
			isa = PBXShellScriptBuildPhase;
			buildActionMask = 2147483647;
			files = (
			);
			inputPaths = (
				"${PODS_PODFILE_DIR_PATH}/Podfile.lock",
				"${PODS_ROOT}/Manifest.lock",
			);
			name = "[CP] Check Pods Manifest.lock";
			outputPaths = (
				"$(DERIVED_FILE_DIR)/Pods-ParseChatUITests-checkManifestLockResult.txt",
			);
			runOnlyForDeploymentPostprocessing = 0;
			shellPath = /bin/sh;
			shellScript = "diff \"${PODS_PODFILE_DIR_PATH}/Podfile.lock\" \"${PODS_ROOT}/Manifest.lock\" > /dev/null\nif [ $? != 0 ] ; then\n    # print error to STDERR\n    echo \"error: The sandbox is not in sync with the Podfile.lock. Run 'pod install' or update your CocoaPods installation.\" >&2\n    exit 1\nfi\n# This output is used by Xcode 'outputs' to avoid re-running this script phase.\necho \"SUCCESS\" > \"${SCRIPT_OUTPUT_FILE_0}\"\n";
			showEnvVarsInLog = 0;
		};
		7C08EB259341A43F65E06BEC /* [CP] Check Pods Manifest.lock */ = {
			isa = PBXShellScriptBuildPhase;
			buildActionMask = 2147483647;
			files = (
			);
			inputPaths = (
				"${PODS_PODFILE_DIR_PATH}/Podfile.lock",
				"${PODS_ROOT}/Manifest.lock",
			);
			name = "[CP] Check Pods Manifest.lock";
			outputPaths = (
				"$(DERIVED_FILE_DIR)/Pods-ParseChat-checkManifestLockResult.txt",
			);
			runOnlyForDeploymentPostprocessing = 0;
			shellPath = /bin/sh;
			shellScript = "diff \"${PODS_PODFILE_DIR_PATH}/Podfile.lock\" \"${PODS_ROOT}/Manifest.lock\" > /dev/null\nif [ $? != 0 ] ; then\n    # print error to STDERR\n    echo \"error: The sandbox is not in sync with the Podfile.lock. Run 'pod install' or update your CocoaPods installation.\" >&2\n    exit 1\nfi\n# This output is used by Xcode 'outputs' to avoid re-running this script phase.\necho \"SUCCESS\" > \"${SCRIPT_OUTPUT_FILE_0}\"\n";
			showEnvVarsInLog = 0;
		};
		967265ABBDAB27CD9C6B2F67 /* [CP] Copy Pods Resources */ = {
			isa = PBXShellScriptBuildPhase;
			buildActionMask = 2147483647;
			files = (
			);
			inputPaths = (
			);
			name = "[CP] Copy Pods Resources";
			outputPaths = (
			);
			runOnlyForDeploymentPostprocessing = 0;
			shellPath = /bin/sh;
			shellScript = "\"${SRCROOT}/Pods/Target Support Files/Pods-ParseChatTests/Pods-ParseChatTests-resources.sh\"\n";
			showEnvVarsInLog = 0;
		};
		96A75943D847CB9A0D7310B6 /* [CP] Copy Pods Resources */ = {
			isa = PBXShellScriptBuildPhase;
			buildActionMask = 2147483647;
			files = (
			);
			inputPaths = (
			);
			name = "[CP] Copy Pods Resources";
			outputPaths = (
			);
			runOnlyForDeploymentPostprocessing = 0;
			shellPath = /bin/sh;
			shellScript = "\"${SRCROOT}/Pods/Target Support Files/Pods-ParseChat/Pods-ParseChat-resources.sh\"\n";
			showEnvVarsInLog = 0;
		};
		FBCD71BFA17C347B7F5CCA05 /* [CP] Embed Pods Frameworks */ = {
			isa = PBXShellScriptBuildPhase;
			buildActionMask = 2147483647;
			files = (
			);
			inputPaths = (
				"${SRCROOT}/Pods/Target Support Files/Pods-ParseChat/Pods-ParseChat-frameworks.sh",
				"${BUILT_PRODUCTS_DIR}/Bolts/Bolts.framework",
				"${BUILT_PRODUCTS_DIR}/Parse/Parse.framework",
			);
			name = "[CP] Embed Pods Frameworks";
			outputPaths = (
				"${TARGET_BUILD_DIR}/${FRAMEWORKS_FOLDER_PATH}/Bolts.framework",
				"${TARGET_BUILD_DIR}/${FRAMEWORKS_FOLDER_PATH}/Parse.framework",
			);
			runOnlyForDeploymentPostprocessing = 0;
			shellPath = /bin/sh;
			shellScript = "\"${SRCROOT}/Pods/Target Support Files/Pods-ParseChat/Pods-ParseChat-frameworks.sh\"\n";
			showEnvVarsInLog = 0;
		};
/* End PBXShellScriptBuildPhase section */

/* Begin PBXSourcesBuildPhase section */
		3DE8C761204CB359005DF76B /* Sources */ = {
			isa = PBXSourcesBuildPhase;
			buildActionMask = 2147483647;
			files = (
				3DE8C797204CB51A005DF76B /* LoginViewController.swift in Sources */,
				3DE8C76B204CB359005DF76B /* ViewController.swift in Sources */,
				3DE8C799204CB6C0005DF76B /* ChatViewController.swift in Sources */,
				3DE8C79D204CC613005DF76B /* Message.swift in Sources */,
				3DE8C79B204CBFD6005DF76B /* ChatCell.swift in Sources */,
				3DE8C769204CB359005DF76B /* AppDelegate.swift in Sources */,
			);
			runOnlyForDeploymentPostprocessing = 0;
		};
		3DE8C775204CB359005DF76B /* Sources */ = {
			isa = PBXSourcesBuildPhase;
			buildActionMask = 2147483647;
			files = (
				3DE8C77E204CB359005DF76B /* ParseChatTests.swift in Sources */,
			);
			runOnlyForDeploymentPostprocessing = 0;
		};
		3DE8C780204CB35A005DF76B /* Sources */ = {
			isa = PBXSourcesBuildPhase;
			buildActionMask = 2147483647;
			files = (
				3DE8C789204CB35A005DF76B /* ParseChatUITests.swift in Sources */,
			);
			runOnlyForDeploymentPostprocessing = 0;
		};
/* End PBXSourcesBuildPhase section */

/* Begin PBXTargetDependency section */
		3DE8C77B204CB359005DF76B /* PBXTargetDependency */ = {
			isa = PBXTargetDependency;
			target = 3DE8C764204CB359005DF76B /* ParseChat */;
			targetProxy = 3DE8C77A204CB359005DF76B /* PBXContainerItemProxy */;
		};
		3DE8C786204CB35A005DF76B /* PBXTargetDependency */ = {
			isa = PBXTargetDependency;
			target = 3DE8C764204CB359005DF76B /* ParseChat */;
			targetProxy = 3DE8C785204CB35A005DF76B /* PBXContainerItemProxy */;
		};
/* End PBXTargetDependency section */

/* Begin PBXVariantGroup section */
		3DE8C76C204CB359005DF76B /* Main.storyboard */ = {
			isa = PBXVariantGroup;
			children = (
				3DE8C76D204CB359005DF76B /* Base */,
			);
			name = Main.storyboard;
			sourceTree = "<group>";
		};
		3DE8C771204CB359005DF76B /* LaunchScreen.storyboard */ = {
			isa = PBXVariantGroup;
			children = (
				3DE8C772204CB359005DF76B /* Base */,
			);
			name = LaunchScreen.storyboard;
			sourceTree = "<group>";
		};
/* End PBXVariantGroup section */

/* Begin XCBuildConfiguration section */
		3DE8C78B204CB35A005DF76B /* Debug */ = {
			isa = XCBuildConfiguration;
			buildSettings = {
				ALWAYS_SEARCH_USER_PATHS = NO;
				CLANG_ANALYZER_NONNULL = YES;
				CLANG_ANALYZER_NUMBER_OBJECT_CONVERSION = YES_AGGRESSIVE;
				CLANG_CXX_LANGUAGE_STANDARD = "gnu++14";
				CLANG_CXX_LIBRARY = "libc++";
				CLANG_ENABLE_MODULES = YES;
				CLANG_ENABLE_OBJC_ARC = YES;
				CLANG_WARN_BLOCK_CAPTURE_AUTORELEASING = YES;
				CLANG_WARN_BOOL_CONVERSION = YES;
				CLANG_WARN_COMMA = YES;
				CLANG_WARN_CONSTANT_CONVERSION = YES;
				CLANG_WARN_DIRECT_OBJC_ISA_USAGE = YES_ERROR;
				CLANG_WARN_DOCUMENTATION_COMMENTS = YES;
				CLANG_WARN_EMPTY_BODY = YES;
				CLANG_WARN_ENUM_CONVERSION = YES;
				CLANG_WARN_INFINITE_RECURSION = YES;
				CLANG_WARN_INT_CONVERSION = YES;
				CLANG_WARN_NON_LITERAL_NULL_CONVERSION = YES;
				CLANG_WARN_OBJC_LITERAL_CONVERSION = YES;
				CLANG_WARN_OBJC_ROOT_CLASS = YES_ERROR;
				CLANG_WARN_RANGE_LOOP_ANALYSIS = YES;
				CLANG_WARN_STRICT_PROTOTYPES = YES;
				CLANG_WARN_SUSPICIOUS_MOVE = YES;
				CLANG_WARN_UNGUARDED_AVAILABILITY = YES_AGGRESSIVE;
				CLANG_WARN_UNREACHABLE_CODE = YES;
				CLANG_WARN__DUPLICATE_METHOD_MATCH = YES;
				CODE_SIGN_IDENTITY = "iPhone Developer";
				COPY_PHASE_STRIP = NO;
				DEBUG_INFORMATION_FORMAT = dwarf;
				ENABLE_STRICT_OBJC_MSGSEND = YES;
				ENABLE_TESTABILITY = YES;
				GCC_C_LANGUAGE_STANDARD = gnu11;
				GCC_DYNAMIC_NO_PIC = NO;
				GCC_NO_COMMON_BLOCKS = YES;
				GCC_OPTIMIZATION_LEVEL = 0;
				GCC_PREPROCESSOR_DEFINITIONS = (
					"DEBUG=1",
					"$(inherited)",
				);
				GCC_WARN_64_TO_32_BIT_CONVERSION = YES;
				GCC_WARN_ABOUT_RETURN_TYPE = YES_ERROR;
				GCC_WARN_UNDECLARED_SELECTOR = YES;
				GCC_WARN_UNINITIALIZED_AUTOS = YES_AGGRESSIVE;
				GCC_WARN_UNUSED_FUNCTION = YES;
				GCC_WARN_UNUSED_VARIABLE = YES;
				IPHONEOS_DEPLOYMENT_TARGET = 11.2;
				MTL_ENABLE_DEBUG_INFO = YES;
				ONLY_ACTIVE_ARCH = YES;
				SDKROOT = iphoneos;
				SWIFT_ACTIVE_COMPILATION_CONDITIONS = DEBUG;
				SWIFT_OPTIMIZATION_LEVEL = "-Onone";
			};
			name = Debug;
		};
		3DE8C78C204CB35A005DF76B /* Release */ = {
			isa = XCBuildConfiguration;
			buildSettings = {
				ALWAYS_SEARCH_USER_PATHS = NO;
				CLANG_ANALYZER_NONNULL = YES;
				CLANG_ANALYZER_NUMBER_OBJECT_CONVERSION = YES_AGGRESSIVE;
				CLANG_CXX_LANGUAGE_STANDARD = "gnu++14";
				CLANG_CXX_LIBRARY = "libc++";
				CLANG_ENABLE_MODULES = YES;
				CLANG_ENABLE_OBJC_ARC = YES;
				CLANG_WARN_BLOCK_CAPTURE_AUTORELEASING = YES;
				CLANG_WARN_BOOL_CONVERSION = YES;
				CLANG_WARN_COMMA = YES;
				CLANG_WARN_CONSTANT_CONVERSION = YES;
				CLANG_WARN_DIRECT_OBJC_ISA_USAGE = YES_ERROR;
				CLANG_WARN_DOCUMENTATION_COMMENTS = YES;
				CLANG_WARN_EMPTY_BODY = YES;
				CLANG_WARN_ENUM_CONVERSION = YES;
				CLANG_WARN_INFINITE_RECURSION = YES;
				CLANG_WARN_INT_CONVERSION = YES;
				CLANG_WARN_NON_LITERAL_NULL_CONVERSION = YES;
				CLANG_WARN_OBJC_LITERAL_CONVERSION = YES;
				CLANG_WARN_OBJC_ROOT_CLASS = YES_ERROR;
				CLANG_WARN_RANGE_LOOP_ANALYSIS = YES;
				CLANG_WARN_STRICT_PROTOTYPES = YES;
				CLANG_WARN_SUSPICIOUS_MOVE = YES;
				CLANG_WARN_UNGUARDED_AVAILABILITY = YES_AGGRESSIVE;
				CLANG_WARN_UNREACHABLE_CODE = YES;
				CLANG_WARN__DUPLICATE_METHOD_MATCH = YES;
				CODE_SIGN_IDENTITY = "iPhone Developer";
				COPY_PHASE_STRIP = NO;
				DEBUG_INFORMATION_FORMAT = "dwarf-with-dsym";
				ENABLE_NS_ASSERTIONS = NO;
				ENABLE_STRICT_OBJC_MSGSEND = YES;
				GCC_C_LANGUAGE_STANDARD = gnu11;
				GCC_NO_COMMON_BLOCKS = YES;
				GCC_WARN_64_TO_32_BIT_CONVERSION = YES;
				GCC_WARN_ABOUT_RETURN_TYPE = YES_ERROR;
				GCC_WARN_UNDECLARED_SELECTOR = YES;
				GCC_WARN_UNINITIALIZED_AUTOS = YES_AGGRESSIVE;
				GCC_WARN_UNUSED_FUNCTION = YES;
				GCC_WARN_UNUSED_VARIABLE = YES;
				IPHONEOS_DEPLOYMENT_TARGET = 11.2;
				MTL_ENABLE_DEBUG_INFO = NO;
				SDKROOT = iphoneos;
				SWIFT_OPTIMIZATION_LEVEL = "-Owholemodule";
				VALIDATE_PRODUCT = YES;
			};
			name = Release;
		};
		3DE8C78E204CB35A005DF76B /* Debug */ = {
			isa = XCBuildConfiguration;
			baseConfigurationReference = AA6A2080DA5DD5E4847500C2 /* Pods-ParseChat.debug.xcconfig */;
			buildSettings = {
				ASSETCATALOG_COMPILER_APPICON_NAME = AppIcon;
				CODE_SIGN_STYLE = Automatic;
				INFOPLIST_FILE = ParseChat/Info.plist;
				LD_RUNPATH_SEARCH_PATHS = "$(inherited) @executable_path/Frameworks";
				PRODUCT_BUNDLE_IDENTIFIER = gooby.ParseChat;
				PRODUCT_NAME = "$(TARGET_NAME)";
				SWIFT_VERSION = 4.0;
				TARGETED_DEVICE_FAMILY = "1,2";
			};
			name = Debug;
		};
		3DE8C78F204CB35A005DF76B /* Release */ = {
			isa = XCBuildConfiguration;
			baseConfigurationReference = 86F54EFCD3BF157807B8DDA1 /* Pods-ParseChat.release.xcconfig */;
			buildSettings = {
				ASSETCATALOG_COMPILER_APPICON_NAME = AppIcon;
				CODE_SIGN_STYLE = Automatic;
				INFOPLIST_FILE = ParseChat/Info.plist;
				LD_RUNPATH_SEARCH_PATHS = "$(inherited) @executable_path/Frameworks";
				PRODUCT_BUNDLE_IDENTIFIER = gooby.ParseChat;
				PRODUCT_NAME = "$(TARGET_NAME)";
				SWIFT_VERSION = 4.0;
				TARGETED_DEVICE_FAMILY = "1,2";
			};
			name = Release;
		};
		3DE8C791204CB35A005DF76B /* Debug */ = {
			isa = XCBuildConfiguration;
			baseConfigurationReference = 0C76EBFCF1D6B4F17E868CAA /* Pods-ParseChatTests.debug.xcconfig */;
			buildSettings = {
				ALWAYS_EMBED_SWIFT_STANDARD_LIBRARIES = YES;
				BUNDLE_LOADER = "$(TEST_HOST)";
				CODE_SIGN_STYLE = Automatic;
				INFOPLIST_FILE = ParseChatTests/Info.plist;
				LD_RUNPATH_SEARCH_PATHS = "$(inherited) @executable_path/Frameworks @loader_path/Frameworks";
				PRODUCT_BUNDLE_IDENTIFIER = gooby.ParseChatTests;
				PRODUCT_NAME = "$(TARGET_NAME)";
				SWIFT_VERSION = 4.0;
				TARGETED_DEVICE_FAMILY = "1,2";
				TEST_HOST = "$(BUILT_PRODUCTS_DIR)/ParseChat.app/ParseChat";
			};
			name = Debug;
		};
		3DE8C792204CB35A005DF76B /* Release */ = {
			isa = XCBuildConfiguration;
			baseConfigurationReference = 640F3941E0EB01D68B850E70 /* Pods-ParseChatTests.release.xcconfig */;
			buildSettings = {
				ALWAYS_EMBED_SWIFT_STANDARD_LIBRARIES = YES;
				BUNDLE_LOADER = "$(TEST_HOST)";
				CODE_SIGN_STYLE = Automatic;
				INFOPLIST_FILE = ParseChatTests/Info.plist;
				LD_RUNPATH_SEARCH_PATHS = "$(inherited) @executable_path/Frameworks @loader_path/Frameworks";
				PRODUCT_BUNDLE_IDENTIFIER = gooby.ParseChatTests;
				PRODUCT_NAME = "$(TARGET_NAME)";
				SWIFT_VERSION = 4.0;
				TARGETED_DEVICE_FAMILY = "1,2";
				TEST_HOST = "$(BUILT_PRODUCTS_DIR)/ParseChat.app/ParseChat";
			};
			name = Release;
		};
		3DE8C794204CB35A005DF76B /* Debug */ = {
			isa = XCBuildConfiguration;
			baseConfigurationReference = 2FCC577A260CF89EC8B264D5 /* Pods-ParseChatUITests.debug.xcconfig */;
			buildSettings = {
				ALWAYS_EMBED_SWIFT_STANDARD_LIBRARIES = YES;
				CODE_SIGN_STYLE = Automatic;
				INFOPLIST_FILE = ParseChatUITests/Info.plist;
				LD_RUNPATH_SEARCH_PATHS = "$(inherited) @executable_path/Frameworks @loader_path/Frameworks";
				PRODUCT_BUNDLE_IDENTIFIER = gooby.ParseChatUITests;
				PRODUCT_NAME = "$(TARGET_NAME)";
				SWIFT_VERSION = 4.0;
				TARGETED_DEVICE_FAMILY = "1,2";
				TEST_TARGET_NAME = ParseChat;
			};
			name = Debug;
		};
		3DE8C795204CB35A005DF76B /* Release */ = {
			isa = XCBuildConfiguration;
			baseConfigurationReference = EF947D99EE96A8F87B2FF562 /* Pods-ParseChatUITests.release.xcconfig */;
			buildSettings = {
				ALWAYS_EMBED_SWIFT_STANDARD_LIBRARIES = YES;
				CODE_SIGN_STYLE = Automatic;
				INFOPLIST_FILE = ParseChatUITests/Info.plist;
				LD_RUNPATH_SEARCH_PATHS = "$(inherited) @executable_path/Frameworks @loader_path/Frameworks";
				PRODUCT_BUNDLE_IDENTIFIER = gooby.ParseChatUITests;
				PRODUCT_NAME = "$(TARGET_NAME)";
				SWIFT_VERSION = 4.0;
				TARGETED_DEVICE_FAMILY = "1,2";
				TEST_TARGET_NAME = ParseChat;
			};
			name = Release;
		};
/* End XCBuildConfiguration section */

/* Begin XCConfigurationList section */
		3DE8C760204CB359005DF76B /* Build configuration list for PBXProject "ParseChat" */ = {
			isa = XCConfigurationList;
			buildConfigurations = (
				3DE8C78B204CB35A005DF76B /* Debug */,
				3DE8C78C204CB35A005DF76B /* Release */,
			);
			defaultConfigurationIsVisible = 0;
			defaultConfigurationName = Release;
		};
		3DE8C78D204CB35A005DF76B /* Build configuration list for PBXNativeTarget "ParseChat" */ = {
			isa = XCConfigurationList;
			buildConfigurations = (
				3DE8C78E204CB35A005DF76B /* Debug */,
				3DE8C78F204CB35A005DF76B /* Release */,
			);
			defaultConfigurationIsVisible = 0;
			defaultConfigurationName = Release;
		};
		3DE8C790204CB35A005DF76B /* Build configuration list for PBXNativeTarget "ParseChatTests" */ = {
			isa = XCConfigurationList;
			buildConfigurations = (
				3DE8C791204CB35A005DF76B /* Debug */,
				3DE8C792204CB35A005DF76B /* Release */,
			);
			defaultConfigurationIsVisible = 0;
			defaultConfigurationName = Release;
		};
		3DE8C793204CB35A005DF76B /* Build configuration list for PBXNativeTarget "ParseChatUITests" */ = {
			isa = XCConfigurationList;
			buildConfigurations = (
				3DE8C794204CB35A005DF76B /* Debug */,
				3DE8C795204CB35A005DF76B /* Release */,
			);
			defaultConfigurationIsVisible = 0;
			defaultConfigurationName = Release;
		};
/* End XCConfigurationList section */
	};
	rootObject = 3DE8C75D204CB359005DF76B /* Project object */;
}
